// !$*UTF8*$!
{
	archiveVersion = 1;
	classes = {
	};
	objectVersion = 55;
	objects = {

/* Begin PBXBuildFile section */
		0D7778232903013800448860 /* AppDelegate.swift in Sources */ = {isa = PBXBuildFile; fileRef = 0D7778222903013800448860 /* AppDelegate.swift */; };
		0D7778252903013800448860 /* SceneDelegate.swift in Sources */ = {isa = PBXBuildFile; fileRef = 0D7778242903013800448860 /* SceneDelegate.swift */; };
		0D7778272903013800448860 /* ViewController.swift in Sources */ = {isa = PBXBuildFile; fileRef = 0D7778262903013800448860 /* ViewController.swift */; };
		0D77782A2903013800448860 /* Main.storyboard in Resources */ = {isa = PBXBuildFile; fileRef = 0D7778282903013800448860 /* Main.storyboard */; };
		0D77782C2903013A00448860 /* Assets.xcassets in Resources */ = {isa = PBXBuildFile; fileRef = 0D77782B2903013A00448860 /* Assets.xcassets */; };
		0D77782F2903013A00448860 /* LaunchScreen.storyboard in Resources */ = {isa = PBXBuildFile; fileRef = 0D77782D2903013A00448860 /* LaunchScreen.storyboard */; };
		0D777839290301D200448860 /* AYDataTool.swift in Sources */ = {isa = PBXBuildFile; fileRef = 0D777838290301D200448860 /* AYDataTool.swift */; };
		0D77783B2903027600448860 /* MyCellPresenter.swift in Sources */ = {isa = PBXBuildFile; fileRef = 0D77783A2903027600448860 /* MyCellPresenter.swift */; };
		0D77785D29083E9800448860 /* MyModel.swift in Sources */ = {isa = PBXBuildFile; fileRef = 0D77785C29083E9800448860 /* MyModel.swift */; };
		0D77786029083EE800448860 /* MyCell.swift in Sources */ = {isa = PBXBuildFile; fileRef = 0D77785E29083EE800448860 /* MyCell.swift */; };
		0D77786129083EE800448860 /* MyCell.xib in Resources */ = {isa = PBXBuildFile; fileRef = 0D77785F29083EE800448860 /* MyCell.xib */; };
		0D7778642908501900448860 /* MyOneCell.swift in Sources */ = {isa = PBXBuildFile; fileRef = 0D7778622908501900448860 /* MyOneCell.swift */; };
		0D7778652908501900448860 /* MyOneCell.xib in Resources */ = {isa = PBXBuildFile; fileRef = 0D7778632908501900448860 /* MyOneCell.xib */; };
		0D7778672908503300448860 /* MyOneCellPresenter.swift in Sources */ = {isa = PBXBuildFile; fileRef = 0D7778662908503300448860 /* MyOneCellPresenter.swift */; };
/* End PBXBuildFile section */

/* Begin PBXFileReference section */
		0D77781F2903013800448860 /* VIPERTest.app */ = {isa = PBXFileReference; explicitFileType = wrapper.application; includeInIndex = 0; path = VIPERTest.app; sourceTree = BUILT_PRODUCTS_DIR; };
		0D7778222903013800448860 /* AppDelegate.swift */ = {isa = PBXFileReference; lastKnownFileType = sourcecode.swift; path = AppDelegate.swift; sourceTree = "<group>"; };
		0D7778242903013800448860 /* SceneDelegate.swift */ = {isa = PBXFileReference; lastKnownFileType = sourcecode.swift; path = SceneDelegate.swift; sourceTree = "<group>"; };
		0D7778262903013800448860 /* ViewController.swift */ = {isa = PBXFileReference; lastKnownFileType = sourcecode.swift; path = ViewController.swift; sourceTree = "<group>"; };
		0D7778292903013800448860 /* Base */ = {isa = PBXFileReference; lastKnownFileType = file.storyboard; name = Base; path = Base.lproj/Main.storyboard; sourceTree = "<group>"; };
		0D77782B2903013A00448860 /* Assets.xcassets */ = {isa = PBXFileReference; lastKnownFileType = folder.assetcatalog; path = Assets.xcassets; sourceTree = "<group>"; };
		0D77782E2903013A00448860 /* Base */ = {isa = PBXFileReference; lastKnownFileType = file.storyboard; name = Base; path = Base.lproj/LaunchScreen.storyboard; sourceTree = "<group>"; };
		0D7778302903013A00448860 /* Info.plist */ = {isa = PBXFileReference; lastKnownFileType = text.plist.xml; path = Info.plist; sourceTree = "<group>"; };
		0D777838290301D200448860 /* AYDataTool.swift */ = {isa = PBXFileReference; lastKnownFileType = sourcecode.swift; path = AYDataTool.swift; sourceTree = "<group>"; };
		0D77783A2903027600448860 /* MyCellPresenter.swift */ = {isa = PBXFileReference; lastKnownFileType = sourcecode.swift; path = MyCellPresenter.swift; sourceTree = "<group>"; };
		0D77785C29083E9800448860 /* MyModel.swift */ = {isa = PBXFileReference; lastKnownFileType = sourcecode.swift; path = MyModel.swift; sourceTree = "<group>"; };
		0D77785E29083EE800448860 /* MyCell.swift */ = {isa = PBXFileReference; lastKnownFileType = sourcecode.swift; path = MyCell.swift; sourceTree = "<group>"; };
		0D77785F29083EE800448860 /* MyCell.xib */ = {isa = PBXFileReference; lastKnownFileType = file.xib; path = MyCell.xib; sourceTree = "<group>"; };
		0D7778622908501900448860 /* MyOneCell.swift */ = {isa = PBXFileReference; lastKnownFileType = sourcecode.swift; path = MyOneCell.swift; sourceTree = "<group>"; };
		0D7778632908501900448860 /* MyOneCell.xib */ = {isa = PBXFileReference; lastKnownFileType = file.xib; path = MyOneCell.xib; sourceTree = "<group>"; };
		0D7778662908503300448860 /* MyOneCellPresenter.swift */ = {isa = PBXFileReference; lastKnownFileType = sourcecode.swift; path = MyOneCellPresenter.swift; sourceTree = "<group>"; };
/* End PBXFileReference section */

/* Begin PBXFrameworksBuildPhase section */
		0D77781C2903013800448860 /* Frameworks */ = {
			isa = PBXFrameworksBuildPhase;
			buildActionMask = 2147483647;
			files = (
			);
			runOnlyForDeploymentPostprocessing = 0;
		};
/* End PBXFrameworksBuildPhase section */

/* Begin PBXGroup section */
		0D7778162903013800448860 = {
			isa = PBXGroup;
			children = (
				0D7778212903013800448860 /* VIPERTest */,
				0D7778202903013800448860 /* Products */,
			);
			sourceTree = "<group>";
		};
		0D7778202903013800448860 /* Products */ = {
			isa = PBXGroup;
			children = (
				0D77781F2903013800448860 /* VIPERTest.app */,
			);
			name = Products;
			sourceTree = "<group>";
		};
		0D7778212903013800448860 /* VIPERTest */ = {
			isa = PBXGroup;
			children = (
				0D777838290301D200448860 /* AYDataTool.swift */,
				0D7778222903013800448860 /* AppDelegate.swift */,
				0D7778242903013800448860 /* SceneDelegate.swift */,
				0D7778262903013800448860 /* ViewController.swift */,
				0D7778662908503300448860 /* MyOneCellPresenter.swift */,
				0D7778622908501900448860 /* MyOneCell.swift */,
				0D7778632908501900448860 /* MyOneCell.xib */,
				0D77783A2903027600448860 /* MyCellPresenter.swift */,
				0D77785E29083EE800448860 /* MyCell.swift */,
				0D77785F29083EE800448860 /* MyCell.xib */,
				0D77785C29083E9800448860 /* MyModel.swift */,
				0D7778282903013800448860 /* Main.storyboard */,
				0D77782B2903013A00448860 /* Assets.xcassets */,
				0D77782D2903013A00448860 /* LaunchScreen.storyboard */,
				0D7778302903013A00448860 /* Info.plist */,
			);
			path = VIPERTest;
			sourceTree = "<group>";
		};
/* End PBXGroup section */

/* Begin PBXNativeTarget section */
		0D77781E2903013800448860 /* VIPERTest */ = {
			isa = PBXNativeTarget;
			buildConfigurationList = 0D7778332903013A00448860 /* Build configuration list for PBXNativeTarget "VIPERTest" */;
			buildPhases = (
				0D77781B2903013800448860 /* Sources */,
				0D77781C2903013800448860 /* Frameworks */,
				0D77781D2903013800448860 /* Resources */,
			);
			buildRules = (
			);
			dependencies = (
			);
			name = VIPERTest;
			productName = VIPERTest;
			productReference = 0D77781F2903013800448860 /* VIPERTest.app */;
			productType = "com.apple.product-type.application";
		};
/* End PBXNativeTarget section */

/* Begin PBXProject section */
		0D7778172903013800448860 /* Project object */ = {
			isa = PBXProject;
			attributes = {
				BuildIndependentTargetsInParallel = 1;
				LastSwiftUpdateCheck = 1320;
				LastUpgradeCheck = 1320;
				TargetAttributes = {
					0D77781E2903013800448860 = {
						CreatedOnToolsVersion = 13.2.1;
					};
				};
			};
			buildConfigurationList = 0D77781A2903013800448860 /* Build configuration list for PBXProject "VIPERTest" */;
			compatibilityVersion = "Xcode 13.0";
			developmentRegion = en;
			hasScannedForEncodings = 0;
			knownRegions = (
				en,
				Base,
			);
			mainGroup = 0D7778162903013800448860;
			productRefGroup = 0D7778202903013800448860 /* Products */;
			projectDirPath = "";
			projectRoot = "";
			targets = (
				0D77781E2903013800448860 /* VIPERTest */,
			);
		};
/* End PBXProject section */

/* Begin PBXResourcesBuildPhase section */
		0D77781D2903013800448860 /* Resources */ = {
			isa = PBXResourcesBuildPhase;
			buildActionMask = 2147483647;
			files = (
				0D77782F2903013A00448860 /* LaunchScreen.storyboard in Resources */,
				0D77786129083EE800448860 /* MyCell.xib in Resources */,
				0D77782C2903013A00448860 /* Assets.xcassets in Resources */,
				0D7778652908501900448860 /* MyOneCell.xib in Resources */,
				0D77782A2903013800448860 /* Main.storyboard in Resources */,
			);
			runOnlyForDeploymentPostprocessing = 0;
		};
/* End PBXResourcesBuildPhase section */

/* Begin PBXSourcesBuildPhase section */
		0D77781B2903013800448860 /* Sources */ = {
			isa = PBXSourcesBuildPhase;
			buildActionMask = 2147483647;
			files = (
				0D77783B2903027600448860 /* MyCellPresenter.swift in Sources */,
				0D77785D29083E9800448860 /* MyModel.swift in Sources */,
				0D7778642908501900448860 /* MyOneCell.swift in Sources */,
				0D7778272903013800448860 /* ViewController.swift in Sources */,
				0D7778672908503300448860 /* MyOneCellPresenter.swift in Sources */,
				0D7778232903013800448860 /* AppDelegate.swift in Sources */,
				0D7778252903013800448860 /* SceneDelegate.swift in Sources */,
				0D77786029083EE800448860 /* MyCell.swift in Sources */,
				0D777839290301D200448860 /* AYDataTool.swift in Sources */,
			);
			runOnlyForDeploymentPostprocessing = 0;
		};
/* End PBXSourcesBuildPhase section */

/* Begin PBXVariantGroup section */
		0D7778282903013800448860 /* Main.storyboard */ = {
			isa = PBXVariantGroup;
			children = (
				0D7778292903013800448860 /* Base */,
			);
			name = Main.storyboard;
			sourceTree = "<group>";
		};
		0D77782D2903013A00448860 /* LaunchScreen.storyboard */ = {
			isa = PBXVariantGroup;
			children = (
				0D77782E2903013A00448860 /* Base */,
			);
			name = LaunchScreen.storyboard;
			sourceTree = "<group>";
		};
/* End PBXVariantGroup section */

/* Begin XCBuildConfiguration section */
		0D7778312903013A00448860 /* Debug */ = {
			isa = XCBuildConfiguration;
			buildSettings = {
				ALWAYS_SEARCH_USER_PATHS = NO;
				CLANG_ANALYZER_NONNULL = YES;
				CLANG_ANALYZER_NUMBER_OBJECT_CONVERSION = YES_AGGRESSIVE;
				CLANG_CXX_LANGUAGE_STANDARD = "gnu++17";
				CLANG_CXX_LIBRARY = "libc++";
				CLANG_ENABLE_MODULES = YES;
				CLANG_ENABLE_OBJC_ARC = YES;
				CLANG_ENABLE_OBJC_WEAK = YES;
				CLANG_WARN_BLOCK_CAPTURE_AUTORELEASING = YES;
				CLANG_WARN_BOOL_CONVERSION = YES;
				CLANG_WARN_COMMA = YES;
				CLANG_WARN_CONSTANT_CONVERSION = YES;
				CLANG_WARN_DEPRECATED_OBJC_IMPLEMENTATIONS = YES;
				CLANG_WARN_DIRECT_OBJC_ISA_USAGE = YES_ERROR;
				CLANG_WARN_DOCUMENTATION_COMMENTS = YES;
				CLANG_WARN_EMPTY_BODY = YES;
				CLANG_WARN_ENUM_CONVERSION = YES;
				CLANG_WARN_INFINITE_RECURSION = YES;
				CLANG_WARN_INT_CONVERSION = YES;
				CLANG_WARN_NON_LITERAL_NULL_CONVERSION = YES;
				CLANG_WARN_OBJC_IMPLICIT_RETAIN_SELF = YES;
				CLANG_WARN_OBJC_LITERAL_CONVERSION = YES;
				CLANG_WARN_OBJC_ROOT_CLASS = YES_ERROR;
				CLANG_WARN_QUOTED_INCLUDE_IN_FRAMEWORK_HEADER = YES;
				CLANG_WARN_RANGE_LOOP_ANALYSIS = YES;
				CLANG_WARN_STRICT_PROTOTYPES = YES;
				CLANG_WARN_SUSPICIOUS_MOVE = YES;
				CLANG_WARN_UNGUARDED_AVAILABILITY = YES_AGGRESSIVE;
				CLANG_WARN_UNREACHABLE_CODE = YES;
				CLANG_WARN__DUPLICATE_METHOD_MATCH = YES;
				COPY_PHASE_STRIP = NO;
				DEBUG_INFORMATION_FORMAT = dwarf;
				ENABLE_STRICT_OBJC_MSGSEND = YES;
				ENABLE_TESTABILITY = YES;
				GCC_C_LANGUAGE_STANDARD = gnu11;
				GCC_DYNAMIC_NO_PIC = NO;
				GCC_NO_COMMON_BLOCKS = YES;
				GCC_OPTIMIZATION_LEVEL = 0;
				GCC_PREPROCESSOR_DEFINITIONS = (
					"DEBUG=1",
					"$(inherited)",
				);
				GCC_WARN_64_TO_32_BIT_CONVERSION = YES;
				GCC_WARN_ABOUT_RETURN_TYPE = YES_ERROR;
				GCC_WARN_UNDECLARED_SELECTOR = YES;
				GCC_WARN_UNINITIALIZED_AUTOS = YES_AGGRESSIVE;
				GCC_WARN_UNUSED_FUNCTION = YES;
				GCC_WARN_UNUSED_VARIABLE = YES;
				IPHONEOS_DEPLOYMENT_TARGET = 15.2;
				MTL_ENABLE_DEBUG_INFO = INCLUDE_SOURCE;
				MTL_FAST_MATH = YES;
				ONLY_ACTIVE_ARCH = YES;
				SDKROOT = iphoneos;
				SWIFT_ACTIVE_COMPILATION_CONDITIONS = DEBUG;
				SWIFT_OPTIMIZATION_LEVEL = "-Onone";
			};
			name = Debug;
		};
		0D7778322903013A00448860 /* Release */ = {
			isa = XCBuildConfiguration;
			buildSettings = {
				ALWAYS_SEARCH_USER_PATHS = NO;
				CLANG_ANALYZER_NONNULL = YES;
				CLANG_ANALYZER_NUMBER_OBJECT_CONVERSION = YES_AGGRESSIVE;
				CLANG_CXX_LANGUAGE_STANDARD = "gnu++17";
				CLANG_CXX_LIBRARY = "libc++";
				CLANG_ENABLE_MODULES = YES;
				CLANG_ENABLE_OBJC_ARC = YES;
				CLANG_ENABLE_OBJC_WEAK = YES;
				CLANG_WARN_BLOCK_CAPTURE_AUTORELEASING = YES;
				CLANG_WARN_BOOL_CONVERSION = YES;
				CLANG_WARN_COMMA = YES;
				CLANG_WARN_CONSTANT_CONVERSION = YES;
				CLANG_WARN_DEPRECATED_OBJC_IMPLEMENTATIONS = YES;
				CLANG_WARN_DIRECT_OBJC_ISA_USAGE = YES_ERROR;
				CLANG_WARN_DOCUMENTATION_COMMENTS = YES;
				CLANG_WARN_EMPTY_BODY = YES;
				CLANG_WARN_ENUM_CONVERSION = YES;
				CLANG_WARN_INFINITE_RECURSION = YES;
				CLANG_WARN_INT_CONVERSION = YES;
				CLANG_WARN_NON_LITERAL_NULL_CONVERSION = YES;
				CLANG_WARN_OBJC_IMPLICIT_RETAIN_SELF = YES;
				CLANG_WARN_OBJC_LITERAL_CONVERSION = YES;
				CLANG_WARN_OBJC_ROOT_CLASS = YES_ERROR;
				CLANG_WARN_QUOTED_INCLUDE_IN_FRAMEWORK_HEADER = YES;
				CLANG_WARN_RANGE_LOOP_ANALYSIS = YES;
				CLANG_WARN_STRICT_PROTOTYPES = YES;
				CLANG_WARN_SUSPICIOUS_MOVE = YES;
				CLANG_WARN_UNGUARDED_AVAILABILITY = YES_AGGRESSIVE;
				CLANG_WARN_UNREACHABLE_CODE = YES;
				CLANG_WARN__DUPLICATE_METHOD_MATCH = YES;
				COPY_PHASE_STRIP = NO;
				DEBUG_INFORMATION_FORMAT = "dwarf-with-dsym";
				ENABLE_NS_ASSERTIONS = NO;
				ENABLE_STRICT_OBJC_MSGSEND = YES;
				GCC_C_LANGUAGE_STANDARD = gnu11;
				GCC_NO_COMMON_BLOCKS = YES;
				GCC_WARN_64_TO_32_BIT_CONVERSION = YES;
				GCC_WARN_ABOUT_RETURN_TYPE = YES_ERROR;
				GCC_WARN_UNDECLARED_SELECTOR = YES;
				GCC_WARN_UNINITIALIZED_AUTOS = YES_AGGRESSIVE;
				GCC_WARN_UNUSED_FUNCTION = YES;
				GCC_WARN_UNUSED_VARIABLE = YES;
				IPHONEOS_DEPLOYMENT_TARGET = 15.2;
				MTL_ENABLE_DEBUG_INFO = NO;
				MTL_FAST_MATH = YES;
				SDKROOT = iphoneos;
				SWIFT_COMPILATION_MODE = wholemodule;
				SWIFT_OPTIMIZATION_LEVEL = "-O";
				VALIDATE_PRODUCT = YES;
			};
			name = Release;
		};
		0D7778342903013A00448860 /* Debug */ = {
			isa = XCBuildConfiguration;
			buildSettings = {
				ASSETCATALOG_COMPILER_APPICON_NAME = AppIcon;
				ASSETCATALOG_COMPILER_GLOBAL_ACCENT_COLOR_NAME = AccentColor;
				CODE_SIGN_STYLE = Automatic;
				CURRENT_PROJECT_VERSION = 1;
				GENERATE_INFOPLIST_FILE = YES;
				INFOPLIST_FILE = VIPERTest/Info.plist;
				INFOPLIST_KEY_UIApplicationSupportsIndirectInputEvents = YES;
				INFOPLIST_KEY_UILaunchStoryboardName = LaunchScreen;
				INFOPLIST_KEY_UIMainStoryboardFile = Main;
				INFOPLIST_KEY_UISupportedInterfaceOrientations_iPad = "UIInterfaceOrientationPortrait UIInterfaceOrientationPortraitUpsideDown UIInterfaceOrientationLandscapeLeft UIInterfaceOrientationLandscapeRight";
				INFOPLIST_KEY_UISupportedInterfaceOrientations_iPhone = "UIInterfaceOrientationPortrait UIInterfaceOrientationLandscapeLeft UIInterfaceOrientationLandscapeRight";
				LD_RUNPATH_SEARCH_PATHS = (
					"$(inherited)",
					"@executable_path/Frameworks",
				);
				MARKETING_VERSION = 1.0;
				PRODUCT_BUNDLE_IDENTIFIER = test.VIPERTest;
				PRODUCT_NAME = "$(TARGET_NAME)";
				SWIFT_EMIT_LOC_STRINGS = YES;
				SWIFT_VERSION = 5.0;
				TARGETED_DEVICE_FAMILY = "1,2";
			};
			name = Debug;
		};
		0D7778352903013A00448860 /* Release */ = {
			isa = XCBuildConfiguration;
			buildSettings = {
				ASSETCATALOG_COMPILER_APPICON_NAME = AppIcon;
				ASSETCATALOG_COMPILER_GLOBAL_ACCENT_COLOR_NAME = AccentColor;
				CODE_SIGN_STYLE = Automatic;
				CURRENT_PROJECT_VERSION = 1;
				GENERATE_INFOPLIST_FILE = YES;
				INFOPLIST_FILE = VIPERTest/Info.plist;
				INFOPLIST_KEY_UIApplicationSupportsIndirectInputEvents = YES;
				INFOPLIST_KEY_UILaunchStoryboardName = LaunchScreen;
				INFOPLIST_KEY_UIMainStoryboardFile = Main;
				INFOPLIST_KEY_UISupportedInterfaceOrientations_iPad = "UIInterfaceOrientationPortrait UIInterfaceOrientationPortraitUpsideDown UIInterfaceOrientationLandscapeLeft UIInterfaceOrientationLandscapeRight";
				INFOPLIST_KEY_UISupportedInterfaceOrientations_iPhone = "UIInterfaceOrientationPortrait UIInterfaceOrientationLandscapeLeft UIInterfaceOrientationLandscapeRight";
				LD_RUNPATH_SEARCH_PATHS = (
					"$(inherited)",
					"@executable_path/Frameworks",
				);
				MARKETING_VERSION = 1.0;
				PRODUCT_BUNDLE_IDENTIFIER = test.VIPERTest;
				PRODUCT_NAME = "$(TARGET_NAME)";
				SWIFT_EMIT_LOC_STRINGS = YES;
				SWIFT_VERSION = 5.0;
				TARGETED_DEVICE_FAMILY = "1,2";
			};
			name = Release;
		};
/* End XCBuildConfiguration section */

/* Begin XCConfigurationList section */
		0D77781A2903013800448860 /* Build configuration list for PBXProject "VIPERTest" */ = {
			isa = XCConfigurationList;
			buildConfigurations = (
				0D7778312903013A00448860 /* Debug */,
				0D7778322903013A00448860 /* Release */,
			);
			defaultConfigurationIsVisible = 0;
			defaultConfigurationName = Release;
		};
		0D7778332903013A00448860 /* Build configuration list for PBXNativeTarget "VIPERTest" */ = {
			isa = XCConfigurationList;
			buildConfigurations = (
				0D7778342903013A00448860 /* Debug */,
				0D7778352903013A00448860 /* Release */,
			);
			defaultConfigurationIsVisible = 0;
			defaultConfigurationName = Release;
		};
/* End XCConfigurationList section */
	};
	rootObject = 0D7778172903013800448860 /* Project object */;
}
